PODS:
  - GPUImage (0.1.7)
  - libksygpulive/base (3.0.2)
  - libksygpulive/KSYGPUResource (3.0.2)
  - libksygpulive/libksygpulive (3.0.2):
    - GPUImage
    - libksygpulive/streamerbase
  - libksygpulive/mediacodec (3.0.2)
  - libksygpulive/mediacore_enc_base (3.0.2)
  - libksygpulive/mediacore_enc_lite (3.0.2)
  - libksygpulive/streamerbase (3.0.2):
    - libksygpulive/base
    - libksygpulive/mediacodec
    - libksygpulive/mediacore_enc_base
    - libksygpulive/mediacore_enc_lite
    - libksygpulive/yuv
  - libksygpulive/yuv (3.0.2)
  - PureLayout (3.0.2)
  - react-native-rtmpview (1.0.0):
    - libksygpulive/KSYGPUResource
    - libksygpulive/libksygpulive
    - PureLayout

DEPENDENCIES:
  - react-native-rtmpview (from `../../`)

SPEC REPOS:
  https://github.com/CocoaPods/Specs.git:
    - GPUImage
    - libksygpulive
    - PureLayout

EXTERNAL SOURCES:
  react-native-rtmpview:
    :path: "../../"

SPEC CHECKSUMS:
  GPUImage: 733a5f0fab92df9de1c37ba9df520a833ccb406d
  libksygpulive: 7f75edd239cd3650da153c788df3aff2d5661f58
  PureLayout: 4d550abe49a94f24c2808b9b95db9131685fe4cd
  react-native-rtmpview: 727cb91631666278bd9e39b3e3f8ca7acc0df765

PODFILE CHECKSUM: 67af69d4c9fde7a5d1dda38ba85905d62f5278f3

COCOAPODS: 1.5.0
